
Microsoft Visual Studio Solution File, Format Version 12.00
# Visual Studio Version 17
VisualStudioVersion = 17.5.002.0
MinimumVisualStudioVersion = 10.0.40219.1
Project("{9A19103F-16F7-4668-BE54-9A1E7A4F7556}") = "Keepr", "Keepr.csproj", "{D27A7B0C-775B-48C5-8282-09F8C6EF87F1}"
EndProject
Global
	GlobalSection(SolutionConfigurationPlatforms) = preSolution
		Debug|Any CPU = Debug|Any CPU
		Release|Any CPU = Release|Any CPU
	EndGlobalSection
	GlobalSection(ProjectConfigurationPlatforms) = postSolution
		{D27A7B0C-775B-48C5-8282-09F8C6EF87F1}.Debug|Any CPU.ActiveCfg = Debug|Any CPU
		{D27A7B0C-775B-48C5-8282-09F8C6EF87F1}.Debug|Any CPU.Build.0 = Debug|Any CPU
		{D27A7B0C-775B-48C5-8282-09F8C6EF87F1}.Release|Any CPU.ActiveCfg = Release|Any CPU
		{D27A7B0C-775B-48C5-8282-09F8C6EF87F1}.Release|Any CPU.Build.0 = Release|Any CPU
	EndGlobalSection
	GlobalSection(SolutionProperties) = preSolution
		HideSolutionNode = FALSE
	EndGlobalSection
	GlobalSection(ExtensibilityGlobals) = postSolution
		SolutionGuid = {11ED91AC-C81B-4A70-A44A-A2659A894175}
	EndGlobalSection
EndGlobal
